
Microsoft Visual Studio Solution File, Format Version 11.00
# Visual Studio 2010
Project("{FAE04EC0-301F-11D3-BF4B-00C04F79EFBC}") = "ModelBinders", "Models\ModelBinders\ModelBinders.csproj", "{7BBB733F-A798-4C17-A24F-D5AF130B92FC}"
EndProject
Project("{FAE04EC0-301F-11D3-BF4B-00C04F79EFBC}") = "Mvc", "Models\Mvc\Mvc.csproj", "{768C653A-5C30-4FE6-AE7A-2C05F24F028A}"
EndProject
Project("{FAE04EC0-301F-11D3-BF4B-00C04F79EFBC}") = "Model", "Models\Model\Model.csproj", "{A1C892BA-7CEE-4C1A-A5D1-491D787BBB41}"
EndProject
Global
	GlobalSection(SolutionConfigurationPlatforms) = preSolution
		Debug|Any CPU = Debug|Any CPU
		Release|Any CPU = Release|Any CPU
	EndGlobalSection
	GlobalSection(ProjectConfigurationPlatforms) = postSolution
		{7BBB733F-A798-4C17-A24F-D5AF130B92FC}.Debug|Any CPU.ActiveCfg = Debug|Any CPU
		{7BBB733F-A798-4C17-A24F-D5AF130B92FC}.Debug|Any CPU.Build.0 = Debug|Any CPU
		{7BBB733F-A798-4C17-A24F-D5AF130B92FC}.Release|Any CPU.ActiveCfg = Release|Any CPU
		{7BBB733F-A798-4C17-A24F-D5AF130B92FC}.Release|Any CPU.Build.0 = Release|Any CPU
		{768C653A-5C30-4FE6-AE7A-2C05F24F028A}.Debug|Any CPU.ActiveCfg = Debug|Any CPU
		{768C653A-5C30-4FE6-AE7A-2C05F24F028A}.Debug|Any CPU.Build.0 = Debug|Any CPU
		{768C653A-5C30-4FE6-AE7A-2C05F24F028A}.Release|Any CPU.ActiveCfg = Release|Any CPU
		{768C653A-5C30-4FE6-AE7A-2C05F24F028A}.Release|Any CPU.Build.0 = Release|Any CPU
		{A1C892BA-7CEE-4C1A-A5D1-491D787BBB41}.Debug|Any CPU.ActiveCfg = Debug|Any CPU
		{A1C892BA-7CEE-4C1A-A5D1-491D787BBB41}.Debug|Any CPU.Build.0 = Debug|Any CPU
		{A1C892BA-7CEE-4C1A-A5D1-491D787BBB41}.Release|Any CPU.ActiveCfg = Release|Any CPU
		{A1C892BA-7CEE-4C1A-A5D1-491D787BBB41}.Release|Any CPU.Build.0 = Release|Any CPU
	EndGlobalSection
	GlobalSection(SolutionProperties) = preSolution
		HideSolutionNode = FALSE
	EndGlobalSection
EndGlobal
